{
  "name": "navigator",
  "version": "1.0.0",
  "lockfileVersion": 1,
  "requires": true,
  "dependencies": {
    "@fortawesome/fontawesome-common-types": {
      "version": "0.2.4",
      "resolved": "https://registry.npmjs.org/@fortawesome/fontawesome-common-types/-/fontawesome-common-types-0.2.4.tgz",
      "integrity": "sha512-0qbIVm+MzkxMwKDx8V0C7w/6Nk+ZfBseOn2R1YK0f2DQP5pBcOQbu9NmaVaLzbJK6VJb1TuyTf0ZF97rc6iWJQ=="
    },
    "@fortawesome/fontawesome-svg-core": {
      "version": "1.2.4",
      "resolved": "https://registry.npmjs.org/@fortawesome/fontawesome-svg-core/-/fontawesome-svg-core-1.2.4.tgz",
      "integrity": "sha512-oGtnwcdhJomoDxbJcy6S0JxK6ItDhJLNOujm+qILPqajJ2a0P/YRomzBbixFjAPquCoyPUlA9g9ejA22P7TKNA==",
      "requires": {
        "@fortawesome/fontawesome-common-types": "0.2.4"
      }
    },
    "@fortawesome/free-solid-svg-icons": {
      "version": "5.3.1",
      "resolved": "https://registry.npmjs.org/@fortawesome/free-solid-svg-icons/-/free-solid-svg-icons-5.3.1.tgz",
      "integrity": "sha512-NkiLBFoiHtJ89cPJdM+W6cLvTVKkLh3j9t3MxkXyip0ncdD3lhCunSuzvFcrTHWeETEyoClGd8ZIWrr3HFZ3BA==",
      "requires": {
        "@fortawesome/fontawesome-common-types": "0.2.4"
      }
    },
    "@fortawesome/vue-fontawesome": {
      "version": "0.1.1",
      "resolved": "https://registry.npmjs.org/@fortawesome/vue-fontawesome/-/vue-fontawesome-0.1.1.tgz",
      "integrity": "sha512-dvPpA9eI18bWr3E+c0JvCYD6xl/keEj0ICTMShUPbxsGkd6PdFU9xYjqA8qE8ahsY+xhbQzZt/k1FKlpMGaRXA=="
    }
  }
}
